
Microsoft Visual Studio Solution File, Format Version 12.00
# Visual Studio 15
VisualStudioVersion = 15.0.27130.2027
MinimumVisualStudioVersion = 10.0.40219.1
Project("{FAE04EC0-301F-11D3-BF4B-00C04F79EFBC}") = "Elective", "Elective\Elective.csproj", "{ECD09E4A-CCED-4893-B15E-8A13288FB4FE}"
EndProject
Project("{FAE04EC0-301F-11D3-BF4B-00C04F79EFBC}") = "BusinessModel", "BusinessModel\BusinessModel.csproj", "{6B0A5B19-CD93-4FA0-9CF6-C14EB170DBBD}"
EndProject
Project("{FAE04EC0-301F-11D3-BF4B-00C04F79EFBC}") = "ElectiveTest", "ElectiveTest\ElectiveTest.csproj", "{B989394E-B04D-47D0-A7C0-02E2EDDF3F70}"
EndProject
Global
	GlobalSection(SolutionConfigurationPlatforms) = preSolution
		Debug|Any CPU = Debug|Any CPU
		Debug|ARM = Debug|ARM
		Debug|x64 = Debug|x64
		Debug|x86 = Debug|x86
		Release|Any CPU = Release|Any CPU
		Release|ARM = Release|ARM
		Release|x64 = Release|x64
		Release|x86 = Release|x86
	EndGlobalSection
	GlobalSection(ProjectConfigurationPlatforms) = postSolution
		{ECD09E4A-CCED-4893-B15E-8A13288FB4FE}.Debug|Any CPU.ActiveCfg = Debug|Any CPU
		{ECD09E4A-CCED-4893-B15E-8A13288FB4FE}.Debug|Any CPU.Build.0 = Debug|Any CPU
		{ECD09E4A-CCED-4893-B15E-8A13288FB4FE}.Debug|ARM.ActiveCfg = Debug|Any CPU
		{ECD09E4A-CCED-4893-B15E-8A13288FB4FE}.Debug|ARM.Build.0 = Debug|Any CPU
		{ECD09E4A-CCED-4893-B15E-8A13288FB4FE}.Debug|x64.ActiveCfg = Debug|Any CPU
		{ECD09E4A-CCED-4893-B15E-8A13288FB4FE}.Debug|x64.Build.0 = Debug|Any CPU
		{ECD09E4A-CCED-4893-B15E-8A13288FB4FE}.Debug|x86.ActiveCfg = Debug|Any CPU
		{ECD09E4A-CCED-4893-B15E-8A13288FB4FE}.Debug|x86.Build.0 = Debug|Any CPU
		{ECD09E4A-CCED-4893-B15E-8A13288FB4FE}.Release|Any CPU.ActiveCfg = Release|Any CPU
		{ECD09E4A-CCED-4893-B15E-8A13288FB4FE}.Release|Any CPU.Build.0 = Release|Any CPU
		{ECD09E4A-CCED-4893-B15E-8A13288FB4FE}.Release|ARM.ActiveCfg = Release|Any CPU
		{ECD09E4A-CCED-4893-B15E-8A13288FB4FE}.Release|ARM.Build.0 = Release|Any CPU
		{ECD09E4A-CCED-4893-B15E-8A13288FB4FE}.Release|x64.ActiveCfg = Release|Any CPU
		{ECD09E4A-CCED-4893-B15E-8A13288FB4FE}.Release|x64.Build.0 = Release|Any CPU
		{ECD09E4A-CCED-4893-B15E-8A13288FB4FE}.Release|x86.ActiveCfg = Release|Any CPU
		{ECD09E4A-CCED-4893-B15E-8A13288FB4FE}.Release|x86.Build.0 = Release|Any CPU
		{6B0A5B19-CD93-4FA0-9CF6-C14EB170DBBD}.Debug|Any CPU.ActiveCfg = Debug|Any CPU
		{6B0A5B19-CD93-4FA0-9CF6-C14EB170DBBD}.Debug|Any CPU.Build.0 = Debug|Any CPU
		{6B0A5B19-CD93-4FA0-9CF6-C14EB170DBBD}.Debug|ARM.ActiveCfg = Debug|Any CPU
		{6B0A5B19-CD93-4FA0-9CF6-C14EB170DBBD}.Debug|ARM.Build.0 = Debug|Any CPU
		{6B0A5B19-CD93-4FA0-9CF6-C14EB170DBBD}.Debug|x64.ActiveCfg = Debug|Any CPU
		{6B0A5B19-CD93-4FA0-9CF6-C14EB170DBBD}.Debug|x64.Build.0 = Debug|Any CPU
		{6B0A5B19-CD93-4FA0-9CF6-C14EB170DBBD}.Debug|x86.ActiveCfg = Debug|Any CPU
		{6B0A5B19-CD93-4FA0-9CF6-C14EB170DBBD}.Debug|x86.Build.0 = Debug|Any CPU
		{6B0A5B19-CD93-4FA0-9CF6-C14EB170DBBD}.Release|Any CPU.ActiveCfg = Release|Any CPU
		{6B0A5B19-CD93-4FA0-9CF6-C14EB170DBBD}.Release|Any CPU.Build.0 = Release|Any CPU
		{6B0A5B19-CD93-4FA0-9CF6-C14EB170DBBD}.Release|ARM.ActiveCfg = Release|Any CPU
		{6B0A5B19-CD93-4FA0-9CF6-C14EB170DBBD}.Release|ARM.Build.0 = Release|Any CPU
		{6B0A5B19-CD93-4FA0-9CF6-C14EB170DBBD}.Release|x64.ActiveCfg = Release|Any CPU
		{6B0A5B19-CD93-4FA0-9CF6-C14EB170DBBD}.Release|x64.Build.0 = Release|Any CPU
		{6B0A5B19-CD93-4FA0-9CF6-C14EB170DBBD}.Release|x86.ActiveCfg = Release|Any CPU
		{6B0A5B19-CD93-4FA0-9CF6-C14EB170DBBD}.Release|x86.Build.0 = Release|Any CPU
		{B989394E-B04D-47D0-A7C0-02E2EDDF3F70}.Debug|Any CPU.ActiveCfg = Debug|Any CPU
		{B989394E-B04D-47D0-A7C0-02E2EDDF3F70}.Debug|Any CPU.Build.0 = Debug|Any CPU
		{B989394E-B04D-47D0-A7C0-02E2EDDF3F70}.Debug|ARM.ActiveCfg = Debug|Any CPU
		{B989394E-B04D-47D0-A7C0-02E2EDDF3F70}.Debug|ARM.Build.0 = Debug|Any CPU
		{B989394E-B04D-47D0-A7C0-02E2EDDF3F70}.Debug|x64.ActiveCfg = Debug|Any CPU
		{B989394E-B04D-47D0-A7C0-02E2EDDF3F70}.Debug|x64.Build.0 = Debug|Any CPU
		{B989394E-B04D-47D0-A7C0-02E2EDDF3F70}.Debug|x86.ActiveCfg = Debug|Any CPU
		{B989394E-B04D-47D0-A7C0-02E2EDDF3F70}.Debug|x86.Build.0 = Debug|Any CPU
		{B989394E-B04D-47D0-A7C0-02E2EDDF3F70}.Release|Any CPU.ActiveCfg = Release|Any CPU
		{B989394E-B04D-47D0-A7C0-02E2EDDF3F70}.Release|Any CPU.Build.0 = Release|Any CPU
		{B989394E-B04D-47D0-A7C0-02E2EDDF3F70}.Release|ARM.ActiveCfg = Release|Any CPU
		{B989394E-B04D-47D0-A7C0-02E2EDDF3F70}.Release|ARM.Build.0 = Release|Any CPU
		{B989394E-B04D-47D0-A7C0-02E2EDDF3F70}.Release|x64.ActiveCfg = Release|Any CPU
		{B989394E-B04D-47D0-A7C0-02E2EDDF3F70}.Release|x64.Build.0 = Release|Any CPU
		{B989394E-B04D-47D0-A7C0-02E2EDDF3F70}.Release|x86.ActiveCfg = Release|Any CPU
		{B989394E-B04D-47D0-A7C0-02E2EDDF3F70}.Release|x86.Build.0 = Release|Any CPU
	EndGlobalSection
	GlobalSection(SolutionProperties) = preSolution
		HideSolutionNode = FALSE
	EndGlobalSection
	GlobalSection(ExtensibilityGlobals) = postSolution
		SolutionGuid = {57B1D97D-470D-41B3-AE9D-FB10BBDE0B79}
	EndGlobalSection
EndGlobal
